
Microsoft Visual Studio Solution File, Format Version 12.00
# Visual Studio Version 17
VisualStudioVersion = 17.6.33815.320
MinimumVisualStudioVersion = 10.0.40219.1
Project("{FAE04EC0-301F-11D3-BF4B-00C04F79EFBC}") = "Task_2", "Task_2.csproj", "{B8977F13-2930-4D95-A531-F828D765DF71}"
EndProject
Global
	GlobalSection(SolutionConfigurationPlatforms) = preSolution
		Debug|Any CPU = Debug|Any CPU
		Release|Any CPU = Release|Any CPU
	EndGlobalSection
	GlobalSection(ProjectConfigurationPlatforms) = postSolution
		{B8977F13-2930-4D95-A531-F828D765DF71}.Debug|Any CPU.ActiveCfg = Debug|Any CPU
		{B8977F13-2930-4D95-A531-F828D765DF71}.Debug|Any CPU.Build.0 = Debug|Any CPU
		{B8977F13-2930-4D95-A531-F828D765DF71}.Release|Any CPU.ActiveCfg = Release|Any CPU
		{B8977F13-2930-4D95-A531-F828D765DF71}.Release|Any CPU.Build.0 = Release|Any CPU
	EndGlobalSection
	GlobalSection(SolutionProperties) = preSolution
		HideSolutionNode = FALSE
	EndGlobalSection
	GlobalSection(ExtensibilityGlobals) = postSolution
		SolutionGuid = {34B369F6-0059-4A18-BAB9-98AFFDEF7BFC}
	EndGlobalSection
EndGlobal
