
Microsoft Visual Studio Solution File, Format Version 12.00
# Visual Studio Version 17
VisualStudioVersion = 17.6.33815.320
MinimumVisualStudioVersion = 10.0.40219.1
Project("{FAE04EC0-301F-11D3-BF4B-00C04F79EFBC}") = "Task_2", "Task_2.csproj", "{B648B217-62A4-4C2C-8B2A-5B7639557D32}"
EndProject
Global
	GlobalSection(SolutionConfigurationPlatforms) = preSolution
		Debug|Any CPU = Debug|Any CPU
		Release|Any CPU = Release|Any CPU
	EndGlobalSection
	GlobalSection(ProjectConfigurationPlatforms) = postSolution
		{B648B217-62A4-4C2C-8B2A-5B7639557D32}.Debug|Any CPU.ActiveCfg = Debug|Any CPU
		{B648B217-62A4-4C2C-8B2A-5B7639557D32}.Debug|Any CPU.Build.0 = Debug|Any CPU
		{B648B217-62A4-4C2C-8B2A-5B7639557D32}.Release|Any CPU.ActiveCfg = Release|Any CPU
		{B648B217-62A4-4C2C-8B2A-5B7639557D32}.Release|Any CPU.Build.0 = Release|Any CPU
	EndGlobalSection
	GlobalSection(SolutionProperties) = preSolution
		HideSolutionNode = FALSE
	EndGlobalSection
	GlobalSection(ExtensibilityGlobals) = postSolution
		SolutionGuid = {7C0EA94F-BB81-48A2-A857-3A9DD662F8A4}
	EndGlobalSection
EndGlobal
