
Microsoft Visual Studio Solution File, Format Version 12.00
# Visual Studio Version 17
VisualStudioVersion = 17.6.33815.320
MinimumVisualStudioVersion = 10.0.40219.1
Project("{FAE04EC0-301F-11D3-BF4B-00C04F79EFBC}") = "Task_3", "Task_3.csproj", "{CE2B0920-AB1A-4ED7-A336-40D9D49D65BD}"
EndProject
Global
	GlobalSection(SolutionConfigurationPlatforms) = preSolution
		Debug|Any CPU = Debug|Any CPU
		Release|Any CPU = Release|Any CPU
	EndGlobalSection
	GlobalSection(ProjectConfigurationPlatforms) = postSolution
		{CE2B0920-AB1A-4ED7-A336-40D9D49D65BD}.Debug|Any CPU.ActiveCfg = Debug|Any CPU
		{CE2B0920-AB1A-4ED7-A336-40D9D49D65BD}.Debug|Any CPU.Build.0 = Debug|Any CPU
		{CE2B0920-AB1A-4ED7-A336-40D9D49D65BD}.Release|Any CPU.ActiveCfg = Release|Any CPU
		{CE2B0920-AB1A-4ED7-A336-40D9D49D65BD}.Release|Any CPU.Build.0 = Release|Any CPU
	EndGlobalSection
	GlobalSection(SolutionProperties) = preSolution
		HideSolutionNode = FALSE
	EndGlobalSection
	GlobalSection(ExtensibilityGlobals) = postSolution
		SolutionGuid = {455245C9-D08B-4ED9-AE0E-45BFE4287BD0}
	EndGlobalSection
EndGlobal
